
Microsoft Visual Studio Solution File, Format Version 12.00
# Visual Studio 15
VisualStudioVersion = 15.0.26730.12
MinimumVisualStudioVersion = 10.0.40219.1
Project("{8BC9CEB8-8B4A-11D0-8D11-00A0C91BC942}") = "LoadImage", "LoadImage\LoadImage.vcxproj", "{F2ACE751-D807-4B5A-A617-8A2C62990A33}"
EndProject
Global
	GlobalSection(SolutionConfigurationPlatforms) = preSolution
		Debug|x64 = Debug|x64
		Debug|x86 = Debug|x86
		Release|x64 = Release|x64
		Release|x86 = Release|x86
	EndGlobalSection
	GlobalSection(ProjectConfigurationPlatforms) = postSolution
		{F2ACE751-D807-4B5A-A617-8A2C62990A33}.Debug|x64.ActiveCfg = Debug|x64
		{F2ACE751-D807-4B5A-A617-8A2C62990A33}.Debug|x64.Build.0 = Debug|x64
		{F2ACE751-D807-4B5A-A617-8A2C62990A33}.Debug|x86.ActiveCfg = Debug|Win32
		{F2ACE751-D807-4B5A-A617-8A2C62990A33}.Debug|x86.Build.0 = Debug|Win32
		{F2ACE751-D807-4B5A-A617-8A2C62990A33}.Release|x64.ActiveCfg = Release|x64
		{F2ACE751-D807-4B5A-A617-8A2C62990A33}.Release|x64.Build.0 = Release|x64
		{F2ACE751-D807-4B5A-A617-8A2C62990A33}.Release|x86.ActiveCfg = Release|Win32
		{F2ACE751-D807-4B5A-A617-8A2C62990A33}.Release|x86.Build.0 = Release|Win32
	EndGlobalSection
	GlobalSection(SolutionProperties) = preSolution
		HideSolutionNode = FALSE
	EndGlobalSection
	GlobalSection(ExtensibilityGlobals) = postSolution
		SolutionGuid = {0C560978-8878-4919-AE02-373D5EEE2E29}
	EndGlobalSection
EndGlobal
